
Microsoft Visual Studio Solution File, Format Version 12.00
# Visual Studio Version 17
VisualStudioVersion = 17.6.33723.286
MinimumVisualStudioVersion = 10.0.40219.1
Project("{FAE04EC0-301F-11D3-BF4B-00C04F79EFBC}") = "Inventory of Stocks of Dry Goods in Mcdonalds", "Inventory of Stocks of Dry Goods in Mcdonalds.csproj", "{8383ED3C-7E85-45AA-8A70-C4DFAB82D878}"
EndProject
Global
	GlobalSection(SolutionConfigurationPlatforms) = preSolution
		Debug|Any CPU = Debug|Any CPU
		Release|Any CPU = Release|Any CPU
	EndGlobalSection
	GlobalSection(ProjectConfigurationPlatforms) = postSolution
		{8383ED3C-7E85-45AA-8A70-C4DFAB82D878}.Debug|Any CPU.ActiveCfg = Debug|Any CPU
		{8383ED3C-7E85-45AA-8A70-C4DFAB82D878}.Debug|Any CPU.Build.0 = Debug|Any CPU
		{8383ED3C-7E85-45AA-8A70-C4DFAB82D878}.Release|Any CPU.ActiveCfg = Release|Any CPU
		{8383ED3C-7E85-45AA-8A70-C4DFAB82D878}.Release|Any CPU.Build.0 = Release|Any CPU
	EndGlobalSection
	GlobalSection(SolutionProperties) = preSolution
		HideSolutionNode = FALSE
	EndGlobalSection
	GlobalSection(ExtensibilityGlobals) = postSolution
		SolutionGuid = {F499E0EA-1A92-4EFA-8D78-408EC56B9F71}
	EndGlobalSection
EndGlobal
